
Microsoft Visual Studio Solution File, Format Version 12.00
# Visual Studio 2013
VisualStudioVersion = 12.0.21005.1
MinimumVisualStudioVersion = 10.0.40219.1
Project("{FAE04EC0-301F-11D3-BF4B-00C04F79EFBC}") = "DotaMining", "DotaMining\DotaMining.csproj", "{BAE54B0E-1552-40A5-9AF6-F3592E4EB0F3}"
EndProject
Global
	GlobalSection(SolutionConfigurationPlatforms) = preSolution
		Debug|Any CPU = Debug|Any CPU
		Release|Any CPU = Release|Any CPU
	EndGlobalSection
	GlobalSection(ProjectConfigurationPlatforms) = postSolution
		{BAE54B0E-1552-40A5-9AF6-F3592E4EB0F3}.Debug|Any CPU.ActiveCfg = Debug|Any CPU
		{BAE54B0E-1552-40A5-9AF6-F3592E4EB0F3}.Debug|Any CPU.Build.0 = Debug|Any CPU
		{BAE54B0E-1552-40A5-9AF6-F3592E4EB0F3}.Release|Any CPU.ActiveCfg = Release|Any CPU
		{BAE54B0E-1552-40A5-9AF6-F3592E4EB0F3}.Release|Any CPU.Build.0 = Release|Any CPU
		{BAE54B0E-1552-40A5-9AF6-F3592E4EB0F3}.Release|Any CPU.Deploy.0 = Release|Any CPU
	EndGlobalSection
	GlobalSection(SolutionProperties) = preSolution
		HideSolutionNode = FALSE
	EndGlobalSection
EndGlobal
